
Microsoft Visual Studio Solution File, Format Version 12.00
# Visual Studio Version 16
VisualStudioVersion = 16.0.31624.102
MinimumVisualStudioVersion = 10.0.40219.1
Project("{FAE04EC0-301F-11D3-BF4B-00C04F79EFBC}") = "PrimeNum", "PrimeNum.csproj", "{519F648E-2F4A-49A3-A8E7-694657E08040}"
EndProject
Global
	GlobalSection(SolutionConfigurationPlatforms) = preSolution
		Debug|Any CPU = Debug|Any CPU
		Release|Any CPU = Release|Any CPU
	EndGlobalSection
	GlobalSection(ProjectConfigurationPlatforms) = postSolution
		{519F648E-2F4A-49A3-A8E7-694657E08040}.Debug|Any CPU.ActiveCfg = Debug|Any CPU
		{519F648E-2F4A-49A3-A8E7-694657E08040}.Debug|Any CPU.Build.0 = Debug|Any CPU
		{519F648E-2F4A-49A3-A8E7-694657E08040}.Release|Any CPU.ActiveCfg = Release|Any CPU
		{519F648E-2F4A-49A3-A8E7-694657E08040}.Release|Any CPU.Build.0 = Release|Any CPU
	EndGlobalSection
	GlobalSection(SolutionProperties) = preSolution
		HideSolutionNode = FALSE
	EndGlobalSection
	GlobalSection(ExtensibilityGlobals) = postSolution
		SolutionGuid = {94DBE886-2443-4822-B657-A633FD42F721}
	EndGlobalSection
EndGlobal
