
Microsoft Visual Studio Solution File, Format Version 12.00
# Visual Studio Version 16
VisualStudioVersion = 16.0.31624.102
MinimumVisualStudioVersion = 10.0.40219.1
Project("{FAE04EC0-301F-11D3-BF4B-00C04F79EFBC}") = "DaysOfWeek", "DaysOfWeek.csproj", "{3932D824-9AA7-4E63-8820-F8CA105A1692}"
EndProject
Global
	GlobalSection(SolutionConfigurationPlatforms) = preSolution
		Debug|Any CPU = Debug|Any CPU
		Release|Any CPU = Release|Any CPU
	EndGlobalSection
	GlobalSection(ProjectConfigurationPlatforms) = postSolution
		{3932D824-9AA7-4E63-8820-F8CA105A1692}.Debug|Any CPU.ActiveCfg = Debug|Any CPU
		{3932D824-9AA7-4E63-8820-F8CA105A1692}.Debug|Any CPU.Build.0 = Debug|Any CPU
		{3932D824-9AA7-4E63-8820-F8CA105A1692}.Release|Any CPU.ActiveCfg = Release|Any CPU
		{3932D824-9AA7-4E63-8820-F8CA105A1692}.Release|Any CPU.Build.0 = Release|Any CPU
	EndGlobalSection
	GlobalSection(SolutionProperties) = preSolution
		HideSolutionNode = FALSE
	EndGlobalSection
	GlobalSection(ExtensibilityGlobals) = postSolution
		SolutionGuid = {57AD3980-8A88-42BC-88B0-CEED617C1316}
	EndGlobalSection
EndGlobal
